// !$*UTF8*$!
{
	archiveVersion = 1;
	classes = {
	};
	objectVersion = 60;
	objects = {

/* Begin PBXBuildFile section */
		000000000000000000000019 /* AppEntry.swift in Sources */ = {isa = PBXBuildFile; fileRef = 000000000000000000000016 /* AppEntry.swift */; };
		00000000000000000000001A /* AppComposition.swift in Sources */ = {isa = PBXBuildFile; fileRef = 000000000000000000000017 /* AppComposition.swift */; };
		00000000000000000000001B /* RootView.swift in Sources */ = {isa = PBXBuildFile; fileRef = 000000000000000000000018 /* RootView.swift */; };
		000000000000000000000029 /* CoreCommon in Frameworks */ = {isa = PBXBuildFile; productRef = 000000000000000000000023 /* CoreCommon */; };
		00000000000000000000002A /* CoreNavigation in Frameworks */ = {isa = PBXBuildFile; productRef = 000000000000000000000024 /* CoreNavigation */; };
		00000000000000000000002B /* CorePresentation in Frameworks */ = {isa = PBXBuildFile; productRef = 000000000000000000000025 /* CorePresentation */; };
		00000000000000000000002C /* CoreSession in Frameworks */ = {isa = PBXBuildFile; productRef = 000000000000000000000026 /* CoreSession */; };
		00000000000000000000002D /* DesignSystem in Frameworks */ = {isa = PBXBuildFile; productRef = 000000000000000000000027 /* DesignSystem */; };
		00000000000000000000002E /* DataNetwork in Frameworks */ = {isa = PBXBuildFile; productRef = 000000000000000000000028 /* DataNetwork */; };
		000000000000000000000031 /* Dependencies in Frameworks */ = {isa = PBXBuildFile; productRef = 000000000000000000000030 /* Dependencies */; };
		0000000000000000000000BD /* AuthRepository.swift in Sources */ = {isa = PBXBuildFile; fileRef = 00000000000000000000004E /* AuthRepository.swift */; };
		0000000000000000000000BE /* AuthenticationResult.swift in Sources */ = {isa = PBXBuildFile; fileRef = 00000000000000000000004F /* AuthenticationResult.swift */; };
		0000000000000000000000BF /* ConfirmOtpUseCase.swift in Sources */ = {isa = PBXBuildFile; fileRef = 000000000000000000000050 /* ConfirmOtpUseCase.swift */; };
		0000000000000000000000C0 /* IdentityDependencies.swift in Sources */ = {isa = PBXBuildFile; fileRef = 000000000000000000000051 /* IdentityDependencies.swift */; };
		0000000000000000000000C1 /* LoginRegistrationRepository.swift in Sources */ = {isa = PBXBuildFile; fileRef = 000000000000000000000052 /* LoginRegistrationRepository.swift */; };
		0000000000000000000000C2 /* LoginRegistrationUseCase.swift in Sources */ = {isa = PBXBuildFile; fileRef = 000000000000000000000053 /* LoginRegistrationUseCase.swift */; };
		0000000000000000000000C3 /* LoginUseCase.swift in Sources */ = {isa = PBXBuildFile; fileRef = 000000000000000000000054 /* LoginUseCase.swift */; };
		0000000000000000000000C4 /* OtpConfirmationRepository.swift in Sources */ = {isa = PBXBuildFile; fileRef = 000000000000000000000055 /* OtpConfirmationRepository.swift */; };
		0000000000000000000000C5 /* StartLoginRepository.swift in Sources */ = {isa = PBXBuildFile; fileRef = 000000000000000000000056 /* StartLoginRepository.swift */; };
		0000000000000000000000C6 /* StartLoginUseCase.swift in Sources */ = {isa = PBXBuildFile; fileRef = 000000000000000000000057 /* StartLoginUseCase.swift */; };
		0000000000000000000000C7 /* UserSession.swift in Sources */ = {isa = PBXBuildFile; fileRef = 000000000000000000000058 /* UserSession.swift */; };
		0000000000000000000000C8 /* CheckVersionUseCase.swift in Sources */ = {isa = PBXBuildFile; fileRef = 00000000000000000000005F /* CheckVersionUseCase.swift */; };
		0000000000000000000000C9 /* DomainPlatform.swift in Sources */ = {isa = PBXBuildFile; fileRef = 000000000000000000000060 /* DomainPlatform.swift */; };
		0000000000000000000000CA /* PlatformDependencies.swift in Sources */ = {isa = PBXBuildFile; fileRef = 000000000000000000000061 /* PlatformDependencies.swift */; };
		0000000000000000000000CB /* PlatformModels.swift in Sources */ = {isa = PBXBuildFile; fileRef = 000000000000000000000062 /* PlatformModels.swift */; };
		0000000000000000000000CC /* VersionRepository.swift in Sources */ = {isa = PBXBuildFile; fileRef = 000000000000000000000063 /* VersionRepository.swift */; };
		0000000000000000000000CD /* HomeView.swift in Sources */ = {isa = PBXBuildFile; fileRef = 000000000000000000000078 /* HomeView.swift */; };
		0000000000000000000000CE /* HomeViewModel.swift in Sources */ = {isa = PBXBuildFile; fileRef = 000000000000000000000079 /* HomeViewModel.swift */; };
		0000000000000000000000CF /* AuthApi.swift in Sources */ = {isa = PBXBuildFile; fileRef = 000000000000000000000086 /* AuthApi.swift */; };
		0000000000000000000000D0 /* AuthDTOs.swift in Sources */ = {isa = PBXBuildFile; fileRef = 000000000000000000000087 /* AuthDTOs.swift */; };
		0000000000000000000000D1 /* AuthRemoteDataSource.swift in Sources */ = {isa = PBXBuildFile; fileRef = 000000000000000000000088 /* AuthRemoteDataSource.swift */; };
		0000000000000000000000D2 /* AuthRepositoryImpl.swift in Sources */ = {isa = PBXBuildFile; fileRef = 000000000000000000000089 /* AuthRepositoryImpl.swift */; };
		0000000000000000000000D3 /* AuthenticationCustomDataDTO.swift in Sources */ = {isa = PBXBuildFile; fileRef = 00000000000000000000008A /* AuthenticationCustomDataDTO.swift */; };
		0000000000000000000000D4 /* DataIdentityModule.swift in Sources */ = {isa = PBXBuildFile; fileRef = 00000000000000000000008B /* DataIdentityModule.swift */; };
		0000000000000000000000D5 /* LoginRegistrationApi.swift in Sources */ = {isa = PBXBuildFile; fileRef = 00000000000000000000008C /* LoginRegistrationApi.swift */; };
		0000000000000000000000D6 /* LoginRegistrationRemoteDataSource.swift in Sources */ = {isa = PBXBuildFile; fileRef = 00000000000000000000008D /* LoginRegistrationRemoteDataSource.swift */; };
		0000000000000000000000D7 /* LoginRegistrationRepositoryImpl.swift in Sources */ = {isa = PBXBuildFile; fileRef = 00000000000000000000008E /* LoginRegistrationRepositoryImpl.swift */; };
		0000000000000000000000D8 /* LoginRegistrationRequestDTO.swift in Sources */ = {isa = PBXBuildFile; fileRef = 00000000000000000000008F /* LoginRegistrationRequestDTO.swift */; };
		0000000000000000000000D9 /* OtpConfirmationApi.swift in Sources */ = {isa = PBXBuildFile; fileRef = 000000000000000000000090 /* OtpConfirmationApi.swift */; };
		0000000000000000000000DA /* OtpConfirmationRemoteDataSource.swift in Sources */ = {isa = PBXBuildFile; fileRef = 000000000000000000000091 /* OtpConfirmationRemoteDataSource.swift */; };
		0000000000000000000000DB /* OtpConfirmationRepositoryImpl.swift in Sources */ = {isa = PBXBuildFile; fileRef = 000000000000000000000092 /* OtpConfirmationRepositoryImpl.swift */; };
		0000000000000000000000DC /* OtpConfirmationRequestDTO.swift in Sources */ = {isa = PBXBuildFile; fileRef = 000000000000000000000093 /* OtpConfirmationRequestDTO.swift */; };
		0000000000000000000000DD /* StartLoginApi.swift in Sources */ = {isa = PBXBuildFile; fileRef = 000000000000000000000094 /* StartLoginApi.swift */; };
		0000000000000000000000DE /* StartLoginMapper.swift in Sources */ = {isa = PBXBuildFile; fileRef = 000000000000000000000095 /* StartLoginMapper.swift */; };
		0000000000000000000000DF /* StartLoginRemoteDataSource.swift in Sources */ = {isa = PBXBuildFile; fileRef = 000000000000000000000096 /* StartLoginRemoteDataSource.swift */; };
		0000000000000000000000E0 /* StartLoginRepositoryImpl.swift in Sources */ = {isa = PBXBuildFile; fileRef = 000000000000000000000097 /* StartLoginRepositoryImpl.swift */; };
		0000000000000000000000E1 /* StartLoginRequestDTO.swift in Sources */ = {isa = PBXBuildFile; fileRef = 000000000000000000000098 /* StartLoginRequestDTO.swift */; };
		0000000000000000000000E2 /* LoginView.swift in Sources */ = {isa = PBXBuildFile; fileRef = 00000000000000000000009F /* LoginView.swift */; };
		0000000000000000000000E3 /* LoginViewModel.swift in Sources */ = {isa = PBXBuildFile; fileRef = 0000000000000000000000A0 /* LoginViewModel.swift */; };
		0000000000000000000000E4 /* OtpView.swift in Sources */ = {isa = PBXBuildFile; fileRef = 0000000000000000000000A1 /* OtpView.swift */; };
		0000000000000000000000E5 /* OtpViewModel.swift in Sources */ = {isa = PBXBuildFile; fileRef = 0000000000000000000000A2 /* OtpViewModel.swift */; };
		0000000000000000000000E6 /* DataPlatformModule.swift in Sources */ = {isa = PBXBuildFile; fileRef = 0000000000000000000000AF /* DataPlatformModule.swift */; };
		0000000000000000000000E7 /* VersionApi.swift in Sources */ = {isa = PBXBuildFile; fileRef = 0000000000000000000000B0 /* VersionApi.swift */; };
		0000000000000000000000E8 /* VersionDTOs.swift in Sources */ = {isa = PBXBuildFile; fileRef = 0000000000000000000000B1 /* VersionDTOs.swift */; };
		0000000000000000000000E9 /* VersionMapper.swift in Sources */ = {isa = PBXBuildFile; fileRef = 0000000000000000000000B2 /* VersionMapper.swift */; };
		0000000000000000000000EA /* VersionRemoteDataSource.swift in Sources */ = {isa = PBXBuildFile; fileRef = 0000000000000000000000B3 /* VersionRemoteDataSource.swift */; };
		0000000000000000000000EB /* VersionRepositoryImpl.swift in Sources */ = {isa = PBXBuildFile; fileRef = 0000000000000000000000B4 /* VersionRepositoryImpl.swift */; };
		0000000000000000000000EC /* SplashView.swift in Sources */ = {isa = PBXBuildFile; fileRef = 0000000000000000000000BB /* SplashView.swift */; };
		0000000000000000000000ED /* SplashViewModel.swift in Sources */ = {isa = PBXBuildFile; fileRef = 0000000000000000000000BC /* SplashViewModel.swift */; };
		9C3D554B3049804100E07EB6 /* PensionContractsSummaryRepository.swift in Sources */ = {isa = PBXBuildFile; fileRef = 9C3D55473049804100E07EB6 /* PensionContractsSummaryRepository.swift */; };
		9C3D554C3049804100E07EB6 /* FetchPensionContractsSummaryUseCase.swift in Sources */ = {isa = PBXBuildFile; fileRef = 9C3D55453049804100E07EB6 /* FetchPensionContractsSummaryUseCase.swift */; };
		9C3D554D3049804100E07EB6 /* PensionContractsSummaryModels.swift in Sources */ = {isa = PBXBuildFile; fileRef = 9C3D55463049804100E07EB6 /* PensionContractsSummaryModels.swift */; };
		9C3D554E3049804100E07EB6 /* PolicyDependencies.swift in Sources */ = {isa = PBXBuildFile; fileRef = 9C3D55483049804100E07EB6 /* PolicyDependencies.swift */; };
		9C3D55553049809C00E07EB6 /* PensionContractsAndSummaryMapper.swift in Sources */ = {isa = PBXBuildFile; fileRef = 9C3D55523049809C00E07EB6 /* PensionContractsAndSummaryMapper.swift */; };
		9C3D55563049809C00E07EB6 /* DataPolicyModule.swift in Sources */ = {isa = PBXBuildFile; fileRef = 9C3D554F3049809C00E07EB6 /* DataPolicyModule.swift */; };
		9C3D55573049809C00E07EB6 /* PensionContractsAndSummaryApi.swift in Sources */ = {isa = PBXBuildFile; fileRef = 9C3D55503049809C00E07EB6 /* PensionContractsAndSummaryApi.swift */; };
		9C3D55583049809C00E07EB6 /* PensionContractsAndSummaryDataDTO.swift in Sources */ = {isa = PBXBuildFile; fileRef = 9C3D55513049809C00E07EB6 /* PensionContractsAndSummaryDataDTO.swift */; };
		9C3D55593049809C00E07EB6 /* PensionContractsAndSummaryRemoteDataSource.swift in Sources */ = {isa = PBXBuildFile; fileRef = 9C3D55533049809C00E07EB6 /* PensionContractsAndSummaryRemoteDataSource.swift */; };
		9C3D555A3049809C00E07EB6 /* PensionContractsSummaryRepositoryImpl.swift in Sources */ = {isa = PBXBuildFile; fileRef = 9C3D55543049809C00E07EB6 /* PensionContractsSummaryRepositoryImpl.swift */; };
		9C3D555C304980EE00E07EB6 /* MainTabView.swift in Sources */ = {isa = PBXBuildFile; fileRef = 9C3D555B304980EE00E07EB6 /* MainTabView.swift */; };
		9C3D556130498C4200E07EB6 /* ProfileView.swift in Sources */ = {isa = PBXBuildFile; fileRef = 9C3D556030498C4200E07EB6 /* ProfileView.swift */; };
		9C3D556330498C5000E07EB6 /* SettingsView.swift in Sources */ = {isa = PBXBuildFile; fileRef = 9C3D556230498C5000E07EB6 /* SettingsView.swift */; };
		9C3D556530498C6C00E07EB6 /* ProfilePhotoView.swift in Sources */ = {isa = PBXBuildFile; fileRef = 9C3D556430498C6C00E07EB6 /* ProfilePhotoView.swift */; };
		9C3D556A3049932100E07EB6 /* RootTab.swift in Sources */ = {isa = PBXBuildFile; fileRef = 9C3D55693049932100E07EB6 /* RootTab.swift */; };
		9C3D556B3049932100E07EB6 /* AppNavHost.swift in Sources */ = {isa = PBXBuildFile; fileRef = 9C3D55683049932100E07EB6 /* AppNavHost.swift */; };
		9C3D556E304AAF0600E07EB6 /* Media.xcassets in Resources */ = {isa = PBXBuildFile; fileRef = 9C3D556D304AAF0600E07EB6 /* Media.xcassets */; };
		9C3D556F304AAF0600E07EB6 /* LaunchScreen.storyboard in Resources */ = {isa = PBXBuildFile; fileRef = 9C3D556C304AAF0600E07EB6 /* LaunchScreen.storyboard */; };
/* End PBXBuildFile section */

/* Begin PBXFileReference section */
		00000000000000000000000B /* iOSTemplate.app */ = {isa = PBXFileReference; explicitFileType = wrapper.application; includeInIndex = 0; path = iOSTemplate.app; sourceTree = BUILT_PRODUCTS_DIR; };
		000000000000000000000011 /* Prd.xcconfig */ = {isa = PBXFileReference; lastKnownFileType = text.xcconfig; name = Prd.xcconfig; path = Config/Prd.xcconfig; sourceTree = "<group>"; };
		000000000000000000000012 /* Preprod.xcconfig */ = {isa = PBXFileReference; lastKnownFileType = text.xcconfig; name = Preprod.xcconfig; path = Config/Preprod.xcconfig; sourceTree = "<group>"; };
		000000000000000000000013 /* Tst.xcconfig */ = {isa = PBXFileReference; lastKnownFileType = text.xcconfig; name = Tst.xcconfig; path = Config/Tst.xcconfig; sourceTree = "<group>"; };
		000000000000000000000014 /* Pilot.xcconfig */ = {isa = PBXFileReference; lastKnownFileType = text.xcconfig; name = Pilot.xcconfig; path = Config/Pilot.xcconfig; sourceTree = "<group>"; };
		000000000000000000000015 /* Mock.xcconfig */ = {isa = PBXFileReference; lastKnownFileType = text.xcconfig; name = Mock.xcconfig; path = Config/Mock.xcconfig; sourceTree = "<group>"; };
		000000000000000000000016 /* AppEntry.swift */ = {isa = PBXFileReference; lastKnownFileType = sourcecode.swift; name = AppEntry.swift; path = App/Sources/AppEntry.swift; sourceTree = "<group>"; };
		000000000000000000000017 /* AppComposition.swift */ = {isa = PBXFileReference; lastKnownFileType = sourcecode.swift; name = AppComposition.swift; path = App/Sources/AppComposition.swift; sourceTree = "<group>"; };
		000000000000000000000018 /* RootView.swift */ = {isa = PBXFileReference; lastKnownFileType = sourcecode.swift; name = RootView.swift; path = App/Sources/RootView.swift; sourceTree = "<group>"; };
		00000000000000000000001C /* Info.plist */ = {isa = PBXFileReference; lastKnownFileType = text.plist.xml; name = Info.plist; path = App/Resources/Info.plist; sourceTree = "<group>"; };
		00000000000000000000004E /* AuthRepository.swift */ = {isa = PBXFileReference; lastKnownFileType = sourcecode.swift; name = AuthRepository.swift; path = Domain/Identity/Sources/AuthRepository.swift; sourceTree = "<group>"; };
		00000000000000000000004F /* AuthenticationResult.swift */ = {isa = PBXFileReference; lastKnownFileType = sourcecode.swift; name = AuthenticationResult.swift; path = Domain/Identity/Sources/AuthenticationResult.swift; sourceTree = "<group>"; };
		000000000000000000000050 /* ConfirmOtpUseCase.swift */ = {isa = PBXFileReference; lastKnownFileType = sourcecode.swift; name = ConfirmOtpUseCase.swift; path = Domain/Identity/Sources/ConfirmOtpUseCase.swift; sourceTree = "<group>"; };
		000000000000000000000051 /* IdentityDependencies.swift */ = {isa = PBXFileReference; lastKnownFileType = sourcecode.swift; name = IdentityDependencies.swift; path = Domain/Identity/Sources/IdentityDependencies.swift; sourceTree = "<group>"; };
		000000000000000000000052 /* LoginRegistrationRepository.swift */ = {isa = PBXFileReference; lastKnownFileType = sourcecode.swift; name = LoginRegistrationRepository.swift; path = Domain/Identity/Sources/LoginRegistrationRepository.swift; sourceTree = "<group>"; };
		000000000000000000000053 /* LoginRegistrationUseCase.swift */ = {isa = PBXFileReference; lastKnownFileType = sourcecode.swift; name = LoginRegistrationUseCase.swift; path = Domain/Identity/Sources/LoginRegistrationUseCase.swift; sourceTree = "<group>"; };
		000000000000000000000054 /* LoginUseCase.swift */ = {isa = PBXFileReference; lastKnownFileType = sourcecode.swift; name = LoginUseCase.swift; path = Domain/Identity/Sources/LoginUseCase.swift; sourceTree = "<group>"; };
		000000000000000000000055 /* OtpConfirmationRepository.swift */ = {isa = PBXFileReference; lastKnownFileType = sourcecode.swift; name = OtpConfirmationRepository.swift; path = Domain/Identity/Sources/OtpConfirmationRepository.swift; sourceTree = "<group>"; };
		000000000000000000000056 /* StartLoginRepository.swift */ = {isa = PBXFileReference; lastKnownFileType = sourcecode.swift; name = StartLoginRepository.swift; path = Domain/Identity/Sources/StartLoginRepository.swift; sourceTree = "<group>"; };
		000000000000000000000057 /* StartLoginUseCase.swift */ = {isa = PBXFileReference; lastKnownFileType = sourcecode.swift; name = StartLoginUseCase.swift; path = Domain/Identity/Sources/StartLoginUseCase.swift; sourceTree = "<group>"; };
		000000000000000000000058 /* UserSession.swift */ = {isa = PBXFileReference; lastKnownFileType = sourcecode.swift; name = UserSession.swift; path = Domain/Identity/Sources/UserSession.swift; sourceTree = "<group>"; };
		00000000000000000000005F /* CheckVersionUseCase.swift */ = {isa = PBXFileReference; lastKnownFileType = sourcecode.swift; name = CheckVersionUseCase.swift; path = Domain/Platform/Sources/CheckVersionUseCase.swift; sourceTree = "<group>"; };
		000000000000000000000060 /* DomainPlatform.swift */ = {isa = PBXFileReference; lastKnownFileType = sourcecode.swift; name = DomainPlatform.swift; path = Domain/Platform/Sources/DomainPlatform.swift; sourceTree = "<group>"; };
		000000000000000000000061 /* PlatformDependencies.swift */ = {isa = PBXFileReference; lastKnownFileType = sourcecode.swift; name = PlatformDependencies.swift; path = Domain/Platform/Sources/PlatformDependencies.swift; sourceTree = "<group>"; };
		000000000000000000000062 /* PlatformModels.swift */ = {isa = PBXFileReference; lastKnownFileType = sourcecode.swift; name = PlatformModels.swift; path = Domain/Platform/Sources/PlatformModels.swift; sourceTree = "<group>"; };
		000000000000000000000063 /* VersionRepository.swift */ = {isa = PBXFileReference; lastKnownFileType = sourcecode.swift; name = VersionRepository.swift; path = Domain/Platform/Sources/VersionRepository.swift; sourceTree = "<group>"; };
		000000000000000000000078 /* HomeView.swift */ = {isa = PBXFileReference; lastKnownFileType = sourcecode.swift; name = HomeView.swift; path = Feature/Home/Sources/Presentation/HomeView.swift; sourceTree = "<group>"; };
		000000000000000000000079 /* HomeViewModel.swift */ = {isa = PBXFileReference; lastKnownFileType = sourcecode.swift; name = HomeViewModel.swift; path = Feature/Home/Sources/Presentation/HomeViewModel.swift; sourceTree = "<group>"; };
		000000000000000000000086 /* AuthApi.swift */ = {isa = PBXFileReference; lastKnownFileType = sourcecode.swift; name = AuthApi.swift; path = Feature/Login/Sources/Data/AuthApi.swift; sourceTree = "<group>"; };
		000000000000000000000087 /* AuthDTOs.swift */ = {isa = PBXFileReference; lastKnownFileType = sourcecode.swift; name = AuthDTOs.swift; path = Feature/Login/Sources/Data/AuthDTOs.swift; sourceTree = "<group>"; };
		000000000000000000000088 /* AuthRemoteDataSource.swift */ = {isa = PBXFileReference; lastKnownFileType = sourcecode.swift; name = AuthRemoteDataSource.swift; path = Feature/Login/Sources/Data/AuthRemoteDataSource.swift; sourceTree = "<group>"; };
		000000000000000000000089 /* AuthRepositoryImpl.swift */ = {isa = PBXFileReference; lastKnownFileType = sourcecode.swift; name = AuthRepositoryImpl.swift; path = Feature/Login/Sources/Data/AuthRepositoryImpl.swift; sourceTree = "<group>"; };
		00000000000000000000008A /* AuthenticationCustomDataDTO.swift */ = {isa = PBXFileReference; lastKnownFileType = sourcecode.swift; name = AuthenticationCustomDataDTO.swift; path = Feature/Login/Sources/Data/AuthenticationCustomDataDTO.swift; sourceTree = "<group>"; };
		00000000000000000000008B /* DataIdentityModule.swift */ = {isa = PBXFileReference; lastKnownFileType = sourcecode.swift; name = DataIdentityModule.swift; path = Feature/Login/Sources/Data/DataIdentityModule.swift; sourceTree = "<group>"; };
		00000000000000000000008C /* LoginRegistrationApi.swift */ = {isa = PBXFileReference; lastKnownFileType = sourcecode.swift; name = LoginRegistrationApi.swift; path = Feature/Login/Sources/Data/LoginRegistrationApi.swift; sourceTree = "<group>"; };
		00000000000000000000008D /* LoginRegistrationRemoteDataSource.swift */ = {isa = PBXFileReference; lastKnownFileType = sourcecode.swift; name = LoginRegistrationRemoteDataSource.swift; path = Feature/Login/Sources/Data/LoginRegistrationRemoteDataSource.swift; sourceTree = "<group>"; };
		00000000000000000000008E /* LoginRegistrationRepositoryImpl.swift */ = {isa = PBXFileReference; lastKnownFileType = sourcecode.swift; name = LoginRegistrationRepositoryImpl.swift; path = Feature/Login/Sources/Data/LoginRegistrationRepositoryImpl.swift; sourceTree = "<group>"; };
		00000000000000000000008F /* LoginRegistrationRequestDTO.swift */ = {isa = PBXFileReference; lastKnownFileType = sourcecode.swift; name = LoginRegistrationRequestDTO.swift; path = Feature/Login/Sources/Data/LoginRegistrationRequestDTO.swift; sourceTree = "<group>"; };
		000000000000000000000090 /* OtpConfirmationApi.swift */ = {isa = PBXFileReference; lastKnownFileType = sourcecode.swift; name = OtpConfirmationApi.swift; path = Feature/Login/Sources/Data/OtpConfirmationApi.swift; sourceTree = "<group>"; };
		000000000000000000000091 /* OtpConfirmationRemoteDataSource.swift */ = {isa = PBXFileReference; lastKnownFileType = sourcecode.swift; name = OtpConfirmationRemoteDataSource.swift; path = Feature/Login/Sources/Data/OtpConfirmationRemoteDataSource.swift; sourceTree = "<group>"; };
		000000000000000000000092 /* OtpConfirmationRepositoryImpl.swift */ = {isa = PBXFileReference; lastKnownFileType = sourcecode.swift; name = OtpConfirmationRepositoryImpl.swift; path = Feature/Login/Sources/Data/OtpConfirmationRepositoryImpl.swift; sourceTree = "<group>"; };
		000000000000000000000093 /* OtpConfirmationRequestDTO.swift */ = {isa = PBXFileReference; lastKnownFileType = sourcecode.swift; name = OtpConfirmationRequestDTO.swift; path = Feature/Login/Sources/Data/OtpConfirmationRequestDTO.swift; sourceTree = "<group>"; };
		000000000000000000000094 /* StartLoginApi.swift */ = {isa = PBXFileReference; lastKnownFileType = sourcecode.swift; name = StartLoginApi.swift; path = Feature/Login/Sources/Data/StartLoginApi.swift; sourceTree = "<group>"; };
		000000000000000000000095 /* StartLoginMapper.swift */ = {isa = PBXFileReference; lastKnownFileType = sourcecode.swift; name = StartLoginMapper.swift; path = Feature/Login/Sources/Data/StartLoginMapper.swift; sourceTree = "<group>"; };
		000000000000000000000096 /* StartLoginRemoteDataSource.swift */ = {isa = PBXFileReference; lastKnownFileType = sourcecode.swift; name = StartLoginRemoteDataSource.swift; path = Feature/Login/Sources/Data/StartLoginRemoteDataSource.swift; sourceTree = "<group>"; };
		000000000000000000000097 /* StartLoginRepositoryImpl.swift */ = {isa = PBXFileReference; lastKnownFileType = sourcecode.swift; name = StartLoginRepositoryImpl.swift; path = Feature/Login/Sources/Data/StartLoginRepositoryImpl.swift; sourceTree = "<group>"; };
		000000000000000000000098 /* StartLoginRequestDTO.swift */ = {isa = PBXFileReference; lastKnownFileType = sourcecode.swift; name = StartLoginRequestDTO.swift; path = Feature/Login/Sources/Data/StartLoginRequestDTO.swift; sourceTree = "<group>"; };
		00000000000000000000009F /* LoginView.swift */ = {isa = PBXFileReference; lastKnownFileType = sourcecode.swift; name = LoginView.swift; path = Feature/Login/Sources/Presentation/LoginView.swift; sourceTree = "<group>"; };
		0000000000000000000000A0 /* LoginViewModel.swift */ = {isa = PBXFileReference; lastKnownFileType = sourcecode.swift; name = LoginViewModel.swift; path = Feature/Login/Sources/Presentation/LoginViewModel.swift; sourceTree = "<group>"; };
		0000000000000000000000A1 /* OtpView.swift */ = {isa = PBXFileReference; lastKnownFileType = sourcecode.swift; name = OtpView.swift; path = Feature/Login/Sources/Presentation/OtpView.swift; sourceTree = "<group>"; };
		0000000000000000000000A2 /* OtpViewModel.swift */ = {isa = PBXFileReference; lastKnownFileType = sourcecode.swift; name = OtpViewModel.swift; path = Feature/Login/Sources/Presentation/OtpViewModel.swift; sourceTree = "<group>"; };
		0000000000000000000000AF /* DataPlatformModule.swift */ = {isa = PBXFileReference; lastKnownFileType = sourcecode.swift; name = DataPlatformModule.swift; path = Feature/Splash/Sources/Data/DataPlatformModule.swift; sourceTree = "<group>"; };
		0000000000000000000000B0 /* VersionApi.swift */ = {isa = PBXFileReference; lastKnownFileType = sourcecode.swift; name = VersionApi.swift; path = Feature/Splash/Sources/Data/VersionApi.swift; sourceTree = "<group>"; };
		0000000000000000000000B1 /* VersionDTOs.swift */ = {isa = PBXFileReference; lastKnownFileType = sourcecode.swift; name = VersionDTOs.swift; path = Feature/Splash/Sources/Data/VersionDTOs.swift; sourceTree = "<group>"; };
		0000000000000000000000B2 /* VersionMapper.swift */ = {isa = PBXFileReference; lastKnownFileType = sourcecode.swift; name = VersionMapper.swift; path = Feature/Splash/Sources/Data/VersionMapper.swift; sourceTree = "<group>"; };
		0000000000000000000000B3 /* VersionRemoteDataSource.swift */ = {isa = PBXFileReference; lastKnownFileType = sourcecode.swift; name = VersionRemoteDataSource.swift; path = Feature/Splash/Sources/Data/VersionRemoteDataSource.swift; sourceTree = "<group>"; };
		0000000000000000000000B4 /* VersionRepositoryImpl.swift */ = {isa = PBXFileReference; lastKnownFileType = sourcecode.swift; name = VersionRepositoryImpl.swift; path = Feature/Splash/Sources/Data/VersionRepositoryImpl.swift; sourceTree = "<group>"; };
		0000000000000000000000BB /* SplashView.swift */ = {isa = PBXFileReference; lastKnownFileType = sourcecode.swift; name = SplashView.swift; path = Feature/Splash/Sources/Presentation/SplashView.swift; sourceTree = "<group>"; };
		0000000000000000000000BC /* SplashViewModel.swift */ = {isa = PBXFileReference; lastKnownFileType = sourcecode.swift; name = SplashViewModel.swift; path = Feature/Splash/Sources/Presentation/SplashViewModel.swift; sourceTree = "<group>"; };
		9C3D55453049804100E07EB6 /* FetchPensionContractsSummaryUseCase.swift */ = {isa = PBXFileReference; lastKnownFileType = sourcecode.swift; path = FetchPensionContractsSummaryUseCase.swift; sourceTree = "<group>"; };
		9C3D55463049804100E07EB6 /* PensionContractsSummaryModels.swift */ = {isa = PBXFileReference; lastKnownFileType = sourcecode.swift; path = PensionContractsSummaryModels.swift; sourceTree = "<group>"; };
		9C3D55473049804100E07EB6 /* PensionContractsSummaryRepository.swift */ = {isa = PBXFileReference; lastKnownFileType = sourcecode.swift; path = PensionContractsSummaryRepository.swift; sourceTree = "<group>"; };
		9C3D55483049804100E07EB6 /* PolicyDependencies.swift */ = {isa = PBXFileReference; lastKnownFileType = sourcecode.swift; path = PolicyDependencies.swift; sourceTree = "<group>"; };
		9C3D554F3049809C00E07EB6 /* DataPolicyModule.swift */ = {isa = PBXFileReference; lastKnownFileType = sourcecode.swift; name = DataPolicyModule.swift; path = Feature/Home/Sources/Data/DataPolicyModule.swift; sourceTree = "<group>"; };
		9C3D55503049809C00E07EB6 /* PensionContractsAndSummaryApi.swift */ = {isa = PBXFileReference; lastKnownFileType = sourcecode.swift; name = PensionContractsAndSummaryApi.swift; path = Feature/Home/Sources/Data/PensionContractsAndSummaryApi.swift; sourceTree = "<group>"; };
		9C3D55513049809C00E07EB6 /* PensionContractsAndSummaryDataDTO.swift */ = {isa = PBXFileReference; lastKnownFileType = sourcecode.swift; name = PensionContractsAndSummaryDataDTO.swift; path = Feature/Home/Sources/Data/PensionContractsAndSummaryDataDTO.swift; sourceTree = "<group>"; };
		9C3D55523049809C00E07EB6 /* PensionContractsAndSummaryMapper.swift */ = {isa = PBXFileReference; lastKnownFileType = sourcecode.swift; name = PensionContractsAndSummaryMapper.swift; path = Feature/Home/Sources/Data/PensionContractsAndSummaryMapper.swift; sourceTree = "<group>"; };
		9C3D55533049809C00E07EB6 /* PensionContractsAndSummaryRemoteDataSource.swift */ = {isa = PBXFileReference; lastKnownFileType = sourcecode.swift; name = PensionContractsAndSummaryRemoteDataSource.swift; path = Feature/Home/Sources/Data/PensionContractsAndSummaryRemoteDataSource.swift; sourceTree = "<group>"; };
		9C3D55543049809C00E07EB6 /* PensionContractsSummaryRepositoryImpl.swift */ = {isa = PBXFileReference; lastKnownFileType = sourcecode.swift; name = PensionContractsSummaryRepositoryImpl.swift; path = Feature/Home/Sources/Data/PensionContractsSummaryRepositoryImpl.swift; sourceTree = "<group>"; };
		9C3D555B304980EE00E07EB6 /* MainTabView.swift */ = {isa = PBXFileReference; lastKnownFileType = sourcecode.swift; name = MainTabView.swift; path = App/Sources/MainTabView.swift; sourceTree = "<group>"; };
		9C3D556030498C4200E07EB6 /* ProfileView.swift */ = {isa = PBXFileReference; lastKnownFileType = sourcecode.swift; path = ProfileView.swift; sourceTree = "<group>"; };
		9C3D556230498C5000E07EB6 /* SettingsView.swift */ = {isa = PBXFileReference; lastKnownFileType = sourcecode.swift; path = SettingsView.swift; sourceTree = "<group>"; };
		9C3D556430498C6C00E07EB6 /* ProfilePhotoView.swift */ = {isa = PBXFileReference; lastKnownFileType = sourcecode.swift; path = ProfilePhotoView.swift; sourceTree = "<group>"; };
		9C3D55683049932100E07EB6 /* AppNavHost.swift */ = {isa = PBXFileReference; lastKnownFileType = sourcecode.swift; name = AppNavHost.swift; path = App/Sources/AppNavHost.swift; sourceTree = "<group>"; };
		9C3D55693049932100E07EB6 /* RootTab.swift */ = {isa = PBXFileReference; lastKnownFileType = sourcecode.swift; name = RootTab.swift; path = App/Sources/RootTab.swift; sourceTree = "<group>"; };
		9C3D556C304AAF0600E07EB6 /* LaunchScreen.storyboard */ = {isa = PBXFileReference; lastKnownFileType = file.storyboard; name = LaunchScreen.storyboard; path = App/Resources/LaunchScreen.storyboard; sourceTree = "<group>"; };
		9C3D556D304AAF0600E07EB6 /* Media.xcassets */ = {isa = PBXFileReference; lastKnownFileType = folder.assetcatalog; name = Media.xcassets; path = App/Resources/Media.xcassets; sourceTree = "<group>"; };
/* End PBXFileReference section */

/* Begin PBXFrameworksBuildPhase section */
		00000000000000000000000D /* Frameworks */ = {
			isa = PBXFrameworksBuildPhase;
			buildActionMask = 2147483647;
			files = (
				000000000000000000000029 /* CoreCommon in Frameworks */,
				00000000000000000000002A /* CoreNavigation in Frameworks */,
				00000000000000000000002B /* CorePresentation in Frameworks */,
				00000000000000000000002C /* CoreSession in Frameworks */,
				00000000000000000000002D /* DesignSystem in Frameworks */,
				00000000000000000000002E /* DataNetwork in Frameworks */,
				000000000000000000000031 /* Dependencies in Frameworks */,
			);
			runOnlyForDeploymentPostprocessing = 0;
		};
/* End PBXFrameworksBuildPhase section */

/* Begin PBXGroup section */
		000000000000000000000002 = {
			isa = PBXGroup;
			children = (
				000000000000000000000003 /* Config */,
				000000000000000000000004 /* App */,
				000000000000000000000007 /* Domain */,
				000000000000000000000008 /* Feature */,
				000000000000000000000009 /* Products */,
			);
			sourceTree = "<group>";
		};
		000000000000000000000003 /* Config */ = {
			isa = PBXGroup;
			children = (
				000000000000000000000011 /* Prd.xcconfig */,
				000000000000000000000012 /* Preprod.xcconfig */,
				000000000000000000000013 /* Tst.xcconfig */,
				000000000000000000000014 /* Pilot.xcconfig */,
				000000000000000000000015 /* Mock.xcconfig */,
			);
			name = Config;
			sourceTree = "<group>";
		};
		000000000000000000000004 /* App */ = {
			isa = PBXGroup;
			children = (
				000000000000000000000005 /* Sources */,
				000000000000000000000006 /* Resources */,
			);
			name = App;
			sourceTree = "<group>";
		};
		000000000000000000000005 /* Sources */ = {
			isa = PBXGroup;
			children = (
				000000000000000000000017 /* AppComposition.swift */,
				000000000000000000000016 /* AppEntry.swift */,
				9C3D55683049932100E07EB6 /* AppNavHost.swift */,
				9C3D555B304980EE00E07EB6 /* MainTabView.swift */,
				9C3D55693049932100E07EB6 /* RootTab.swift */,
				000000000000000000000018 /* RootView.swift */,
			);
			name = Sources;
			sourceTree = "<group>";
		};
		000000000000000000000006 /* Resources */ = {
			isa = PBXGroup;
			children = (
				9C3D556C304AAF0600E07EB6 /* LaunchScreen.storyboard */,
				9C3D556D304AAF0600E07EB6 /* Media.xcassets */,
				00000000000000000000001C /* Info.plist */,
			);
			name = Resources;
			sourceTree = "<group>";
		};
		000000000000000000000007 /* Domain */ = {
			isa = PBXGroup;
			children = (
				000000000000000000000049 /* Identity */,
				00000000000000000000005A /* Platform */,
				9C3D554A3049804100E07EB6 /* Policy */,
			);
			name = Domain;
			sourceTree = "<group>";
		};
		000000000000000000000008 /* Feature */ = {
			isa = PBXGroup;
			children = (
				000000000000000000000067 /* Home */,
				00000000000000000000007B /* Login */,
				0000000000000000000000A4 /* Splash */,
				9C3D555F30498C3700E07EB6 /* Profile */,
			);
			name = Feature;
			sourceTree = "<group>";
		};
		000000000000000000000009 /* Products */ = {
			isa = PBXGroup;
			children = (
				00000000000000000000000B /* iOSTemplate.app */,
			);
			name = Products;
			sourceTree = "<group>";
		};
		000000000000000000000049 /* Identity */ = {
			isa = PBXGroup;
			children = (
				00000000000000000000004D /* Sources */,
			);
			name = Identity;
			sourceTree = "<group>";
		};
		00000000000000000000004D /* Sources */ = {
			isa = PBXGroup;
			children = (
				00000000000000000000004F /* AuthenticationResult.swift */,
				00000000000000000000004E /* AuthRepository.swift */,
				000000000000000000000050 /* ConfirmOtpUseCase.swift */,
				000000000000000000000051 /* IdentityDependencies.swift */,
				000000000000000000000052 /* LoginRegistrationRepository.swift */,
				000000000000000000000053 /* LoginRegistrationUseCase.swift */,
				000000000000000000000054 /* LoginUseCase.swift */,
				000000000000000000000055 /* OtpConfirmationRepository.swift */,
				000000000000000000000056 /* StartLoginRepository.swift */,
				000000000000000000000057 /* StartLoginUseCase.swift */,
				000000000000000000000058 /* UserSession.swift */,
			);
			name = Sources;
			sourceTree = "<group>";
		};
		00000000000000000000005A /* Platform */ = {
			isa = PBXGroup;
			children = (
				00000000000000000000005E /* Sources */,
			);
			name = Platform;
			sourceTree = "<group>";
		};
		00000000000000000000005E /* Sources */ = {
			isa = PBXGroup;
			children = (
				00000000000000000000005F /* CheckVersionUseCase.swift */,
				000000000000000000000060 /* DomainPlatform.swift */,
				000000000000000000000061 /* PlatformDependencies.swift */,
				000000000000000000000062 /* PlatformModels.swift */,
				000000000000000000000063 /* VersionRepository.swift */,
			);
			name = Sources;
			sourceTree = "<group>";
		};
		000000000000000000000067 /* Home */ = {
			isa = PBXGroup;
			children = (
				00000000000000000000006B /* Sources */,
			);
			name = Home;
			sourceTree = "<group>";
		};
		00000000000000000000006B /* Sources */ = {
			isa = PBXGroup;
			children = (
				000000000000000000000071 /* Data */,
				000000000000000000000077 /* Presentation */,
			);
			name = Sources;
			sourceTree = "<group>";
		};
		000000000000000000000071 /* Data */ = {
			isa = PBXGroup;
			children = (
				9C3D554F3049809C00E07EB6 /* DataPolicyModule.swift */,
				9C3D55503049809C00E07EB6 /* PensionContractsAndSummaryApi.swift */,
				9C3D55513049809C00E07EB6 /* PensionContractsAndSummaryDataDTO.swift */,
				9C3D55523049809C00E07EB6 /* PensionContractsAndSummaryMapper.swift */,
				9C3D55533049809C00E07EB6 /* PensionContractsAndSummaryRemoteDataSource.swift */,
				9C3D55543049809C00E07EB6 /* PensionContractsSummaryRepositoryImpl.swift */,
			);
			name = Data;
			sourceTree = "<group>";
		};
		000000000000000000000077 /* Presentation */ = {
			isa = PBXGroup;
			children = (
				000000000000000000000078 /* HomeView.swift */,
				000000000000000000000079 /* HomeViewModel.swift */,
			);
			name = Presentation;
			sourceTree = "<group>";
		};
		00000000000000000000007B /* Login */ = {
			isa = PBXGroup;
			children = (
				00000000000000000000007F /* Sources */,
			);
			name = Login;
			sourceTree = "<group>";
		};
		00000000000000000000007F /* Sources */ = {
			isa = PBXGroup;
			children = (
				000000000000000000000085 /* Data */,
				00000000000000000000009E /* Presentation */,
			);
			name = Sources;
			sourceTree = "<group>";
		};
		000000000000000000000085 /* Data */ = {
			isa = PBXGroup;
			children = (
				000000000000000000000086 /* AuthApi.swift */,
				000000000000000000000087 /* AuthDTOs.swift */,
				000000000000000000000088 /* AuthRemoteDataSource.swift */,
				000000000000000000000089 /* AuthRepositoryImpl.swift */,
				00000000000000000000008A /* AuthenticationCustomDataDTO.swift */,
				00000000000000000000008B /* DataIdentityModule.swift */,
				00000000000000000000008C /* LoginRegistrationApi.swift */,
				00000000000000000000008D /* LoginRegistrationRemoteDataSource.swift */,
				00000000000000000000008E /* LoginRegistrationRepositoryImpl.swift */,
				00000000000000000000008F /* LoginRegistrationRequestDTO.swift */,
				000000000000000000000090 /* OtpConfirmationApi.swift */,
				000000000000000000000091 /* OtpConfirmationRemoteDataSource.swift */,
				000000000000000000000092 /* OtpConfirmationRepositoryImpl.swift */,
				000000000000000000000093 /* OtpConfirmationRequestDTO.swift */,
				000000000000000000000094 /* StartLoginApi.swift */,
				000000000000000000000095 /* StartLoginMapper.swift */,
				000000000000000000000096 /* StartLoginRemoteDataSource.swift */,
				000000000000000000000097 /* StartLoginRepositoryImpl.swift */,
				000000000000000000000098 /* StartLoginRequestDTO.swift */,
			);
			name = Data;
			sourceTree = "<group>";
		};
		00000000000000000000009E /* Presentation */ = {
			isa = PBXGroup;
			children = (
				00000000000000000000009F /* LoginView.swift */,
				0000000000000000000000A0 /* LoginViewModel.swift */,
				0000000000000000000000A1 /* OtpView.swift */,
				0000000000000000000000A2 /* OtpViewModel.swift */,
			);
			name = Presentation;
			sourceTree = "<group>";
		};
		0000000000000000000000A4 /* Splash */ = {
			isa = PBXGroup;
			children = (
				0000000000000000000000A8 /* Sources */,
			);
			name = Splash;
			sourceTree = "<group>";
		};
		0000000000000000000000A8 /* Sources */ = {
			isa = PBXGroup;
			children = (
				0000000000000000000000AE /* Data */,
				0000000000000000000000BA /* Presentation */,
			);
			name = Sources;
			sourceTree = "<group>";
		};
		0000000000000000000000AE /* Data */ = {
			isa = PBXGroup;
			children = (
				0000000000000000000000AF /* DataPlatformModule.swift */,
				0000000000000000000000B0 /* VersionApi.swift */,
				0000000000000000000000B1 /* VersionDTOs.swift */,
				0000000000000000000000B2 /* VersionMapper.swift */,
				0000000000000000000000B3 /* VersionRemoteDataSource.swift */,
				0000000000000000000000B4 /* VersionRepositoryImpl.swift */,
			);
			name = Data;
			sourceTree = "<group>";
		};
		0000000000000000000000BA /* Presentation */ = {
			isa = PBXGroup;
			children = (
				0000000000000000000000BB /* SplashView.swift */,
				0000000000000000000000BC /* SplashViewModel.swift */,
			);
			name = Presentation;
			sourceTree = "<group>";
		};
		9C3D55493049804100E07EB6 /* Sources */ = {
			isa = PBXGroup;
			children = (
				9C3D55453049804100E07EB6 /* FetchPensionContractsSummaryUseCase.swift */,
				9C3D55463049804100E07EB6 /* PensionContractsSummaryModels.swift */,
				9C3D55473049804100E07EB6 /* PensionContractsSummaryRepository.swift */,
				9C3D55483049804100E07EB6 /* PolicyDependencies.swift */,
			);
			path = Sources;
			sourceTree = "<group>";
		};
		9C3D554A3049804100E07EB6 /* Policy */ = {
			isa = PBXGroup;
			children = (
				9C3D55493049804100E07EB6 /* Sources */,
			);
			name = Policy;
			path = Domain/Policy;
			sourceTree = "<group>";
		};
		9C3D555D30498C3700E07EB6 /* Data */ = {
			isa = PBXGroup;
			children = (
			);
			path = Data;
			sourceTree = "<group>";
		};
		9C3D555E30498C3700E07EB6 /* Presentation */ = {
			isa = PBXGroup;
			children = (
				9C3D556430498C6C00E07EB6 /* ProfilePhotoView.swift */,
				9C3D556230498C5000E07EB6 /* SettingsView.swift */,
				9C3D556030498C4200E07EB6 /* ProfileView.swift */,
			);
			path = Presentation;
			sourceTree = "<group>";
		};
		9C3D555F30498C3700E07EB6 /* Profile */ = {
			isa = PBXGroup;
			children = (
				9C3D555D30498C3700E07EB6 /* Data */,
				9C3D555E30498C3700E07EB6 /* Presentation */,
			);
			name = Profile;
			path = Feature/Profile;
			sourceTree = "<group>";
		};
/* End PBXGroup section */

/* Begin PBXNativeTarget section */
		00000000000000000000000A /* iOSTemplate */ = {
			isa = PBXNativeTarget;
			buildConfigurationList = 000000000000000000000010 /* Build configuration list for PBXNativeTarget "iOSTemplate" */;
			buildPhases = (
				00000000000000000000000C /* Sources */,
				00000000000000000000000D /* Frameworks */,
				00000000000000000000000E /* Resources */,
			);
			buildRules = (
			);
			dependencies = (
			);
			name = iOSTemplate;
			packageProductDependencies = (
				000000000000000000000023 /* CoreCommon */,
				000000000000000000000024 /* CoreNavigation */,
				000000000000000000000025 /* CorePresentation */,
				000000000000000000000026 /* CoreSession */,
				000000000000000000000027 /* DesignSystem */,
				000000000000000000000028 /* DataNetwork */,
				000000000000000000000030 /* Dependencies */,
			);
			productName = iOSTemplate;
			productReference = 00000000000000000000000B /* iOSTemplate.app */;
			productType = "com.apple.product-type.application";
		};
/* End PBXNativeTarget section */

/* Begin PBXProject section */
		000000000000000000000001 /* Project object */ = {
			isa = PBXProject;
			attributes = {
				BuildIndependentTargetsInParallel = 1;
				LastSwiftUpdateCheck = 1600;
				LastUpgradeCheck = 1600;
				TargetAttributes = {
					00000000000000000000000A = {
						CreatedOnToolsVersion = 16.0;
					};
				};
			};
			buildConfigurationList = 00000000000000000000000F /* Build configuration list for PBXProject "iOSTemplate" */;
			compatibilityVersion = "Xcode 15.0";
			developmentRegion = en;
			hasScannedForEncodings = 0;
			knownRegions = (
				en,
				Base,
			);
			mainGroup = 000000000000000000000002;
			packageReferences = (
				00000000000000000000001D /* XCLocalSwiftPackageReference "Modules/Core/Common" */,
				00000000000000000000001E /* XCLocalSwiftPackageReference "Modules/Core/Navigation" */,
				00000000000000000000001F /* XCLocalSwiftPackageReference "Modules/Core/Presentation" */,
				000000000000000000000020 /* XCLocalSwiftPackageReference "Modules/Core/Session" */,
				000000000000000000000021 /* XCLocalSwiftPackageReference "Modules/DesignSystem" */,
				000000000000000000000022 /* XCLocalSwiftPackageReference "Modules/Data/Network" */,
				00000000000000000000002F /* XCRemoteSwiftPackageReference "swift-dependencies" */,
			);
			productRefGroup = 000000000000000000000009 /* Products */;
			projectDirPath = "";
			projectRoot = "";
			targets = (
				00000000000000000000000A /* iOSTemplate */,
			);
		};
/* End PBXProject section */

/* Begin PBXResourcesBuildPhase section */
		00000000000000000000000E /* Resources */ = {
			isa = PBXResourcesBuildPhase;
			buildActionMask = 2147483647;
			files = (
				9C3D556E304AAF0600E07EB6 /* Media.xcassets in Resources */,
				9C3D556F304AAF0600E07EB6 /* LaunchScreen.storyboard in Resources */,
			);
			runOnlyForDeploymentPostprocessing = 0;
		};
/* End PBXResourcesBuildPhase section */

/* Begin PBXSourcesBuildPhase section */
		00000000000000000000000C /* Sources */ = {
			isa = PBXSourcesBuildPhase;
			buildActionMask = 2147483647;
			files = (
				000000000000000000000019 /* AppEntry.swift in Sources */,
				00000000000000000000001A /* AppComposition.swift in Sources */,
				00000000000000000000001B /* RootView.swift in Sources */,
				0000000000000000000000BD /* AuthRepository.swift in Sources */,
				0000000000000000000000BE /* AuthenticationResult.swift in Sources */,
				0000000000000000000000BF /* ConfirmOtpUseCase.swift in Sources */,
				0000000000000000000000C0 /* IdentityDependencies.swift in Sources */,
				9C3D554B3049804100E07EB6 /* PensionContractsSummaryRepository.swift in Sources */,
				9C3D554C3049804100E07EB6 /* FetchPensionContractsSummaryUseCase.swift in Sources */,
				9C3D554D3049804100E07EB6 /* PensionContractsSummaryModels.swift in Sources */,
				9C3D554E3049804100E07EB6 /* PolicyDependencies.swift in Sources */,
				9C3D555C304980EE00E07EB6 /* MainTabView.swift in Sources */,
				0000000000000000000000C1 /* LoginRegistrationRepository.swift in Sources */,
				0000000000000000000000C2 /* LoginRegistrationUseCase.swift in Sources */,
				9C3D556530498C6C00E07EB6 /* ProfilePhotoView.swift in Sources */,
				0000000000000000000000C3 /* LoginUseCase.swift in Sources */,
				0000000000000000000000C4 /* OtpConfirmationRepository.swift in Sources */,
				0000000000000000000000C5 /* StartLoginRepository.swift in Sources */,
				0000000000000000000000C6 /* StartLoginUseCase.swift in Sources */,
				0000000000000000000000C7 /* UserSession.swift in Sources */,
				0000000000000000000000C8 /* CheckVersionUseCase.swift in Sources */,
				0000000000000000000000C9 /* DomainPlatform.swift in Sources */,
				0000000000000000000000CA /* PlatformDependencies.swift in Sources */,
				0000000000000000000000CB /* PlatformModels.swift in Sources */,
				0000000000000000000000CC /* VersionRepository.swift in Sources */,
				9C3D556130498C4200E07EB6 /* ProfileView.swift in Sources */,
				9C3D556330498C5000E07EB6 /* SettingsView.swift in Sources */,
				0000000000000000000000CD /* HomeView.swift in Sources */,
				0000000000000000000000CE /* HomeViewModel.swift in Sources */,
				0000000000000000000000CF /* AuthApi.swift in Sources */,
				0000000000000000000000D0 /* AuthDTOs.swift in Sources */,
				0000000000000000000000D1 /* AuthRemoteDataSource.swift in Sources */,
				0000000000000000000000D2 /* AuthRepositoryImpl.swift in Sources */,
				0000000000000000000000D3 /* AuthenticationCustomDataDTO.swift in Sources */,
				9C3D55553049809C00E07EB6 /* PensionContractsAndSummaryMapper.swift in Sources */,
				9C3D55563049809C00E07EB6 /* DataPolicyModule.swift in Sources */,
				9C3D55573049809C00E07EB6 /* PensionContractsAndSummaryApi.swift in Sources */,
				9C3D55583049809C00E07EB6 /* PensionContractsAndSummaryDataDTO.swift in Sources */,
				9C3D55593049809C00E07EB6 /* PensionContractsAndSummaryRemoteDataSource.swift in Sources */,
				9C3D555A3049809C00E07EB6 /* PensionContractsSummaryRepositoryImpl.swift in Sources */,
				0000000000000000000000D4 /* DataIdentityModule.swift in Sources */,
				0000000000000000000000D5 /* LoginRegistrationApi.swift in Sources */,
				0000000000000000000000D6 /* LoginRegistrationRemoteDataSource.swift in Sources */,
				0000000000000000000000D7 /* LoginRegistrationRepositoryImpl.swift in Sources */,
				0000000000000000000000D8 /* LoginRegistrationRequestDTO.swift in Sources */,
				0000000000000000000000D9 /* OtpConfirmationApi.swift in Sources */,
				9C3D556A3049932100E07EB6 /* RootTab.swift in Sources */,
				9C3D556B3049932100E07EB6 /* AppNavHost.swift in Sources */,
				0000000000000000000000DA /* OtpConfirmationRemoteDataSource.swift in Sources */,
				0000000000000000000000DB /* OtpConfirmationRepositoryImpl.swift in Sources */,
				0000000000000000000000DC /* OtpConfirmationRequestDTO.swift in Sources */,
				0000000000000000000000DD /* StartLoginApi.swift in Sources */,
				0000000000000000000000DE /* StartLoginMapper.swift in Sources */,
				0000000000000000000000DF /* StartLoginRemoteDataSource.swift in Sources */,
				0000000000000000000000E0 /* StartLoginRepositoryImpl.swift in Sources */,
				0000000000000000000000E1 /* StartLoginRequestDTO.swift in Sources */,
				0000000000000000000000E2 /* LoginView.swift in Sources */,
				0000000000000000000000E3 /* LoginViewModel.swift in Sources */,
				0000000000000000000000E4 /* OtpView.swift in Sources */,
				0000000000000000000000E5 /* OtpViewModel.swift in Sources */,
				0000000000000000000000E6 /* DataPlatformModule.swift in Sources */,
				0000000000000000000000E7 /* VersionApi.swift in Sources */,
				0000000000000000000000E8 /* VersionDTOs.swift in Sources */,
				0000000000000000000000E9 /* VersionMapper.swift in Sources */,
				0000000000000000000000EA /* VersionRemoteDataSource.swift in Sources */,
				0000000000000000000000EB /* VersionRepositoryImpl.swift in Sources */,
				0000000000000000000000EC /* SplashView.swift in Sources */,
				0000000000000000000000ED /* SplashViewModel.swift in Sources */,
			);
			runOnlyForDeploymentPostprocessing = 0;
		};
/* End PBXSourcesBuildPhase section */

/* Begin XCBuildConfiguration section */
		000000000000000000000032 /* PrdDebug */ = {
			isa = XCBuildConfiguration;
			baseConfigurationReference = 000000000000000000000011 /* Prd.xcconfig */;
			buildSettings = {
				ALWAYS_SEARCH_USER_PATHS = NO;
				CLANG_ENABLE_MODULES = YES;
				CLANG_ENABLE_OBJC_ARC = YES;
				COPY_PHASE_STRIP = NO;
				DEBUG_INFORMATION_FORMAT = dwarf;
				ENABLE_USER_SCRIPT_SANDBOXING = YES;
				GCC_C_LANGUAGE_STANDARD = gnu17;
				GCC_OPTIMIZATION_LEVEL = 0;
				IPHONEOS_DEPLOYMENT_TARGET = 17.0;
				MTL_ENABLE_DEBUG_INFO = INCLUDE_SOURCE;
				ONLY_ACTIVE_ARCH = YES;
				SDKROOT = iphoneos;
				SWIFT_ACTIVE_COMPILATION_CONDITIONS = "DEBUG PRD";
				SWIFT_OPTIMIZATION_LEVEL = "-Onone";
				SWIFT_VERSION = 6.0;
				VALIDATE_PRODUCT = YES;
			};
			name = PrdDebug;
		};
		000000000000000000000033 /* PrdRelease */ = {
			isa = XCBuildConfiguration;
			baseConfigurationReference = 000000000000000000000011 /* Prd.xcconfig */;
			buildSettings = {
				ALWAYS_SEARCH_USER_PATHS = NO;
				CLANG_ENABLE_MODULES = YES;
				CLANG_ENABLE_OBJC_ARC = YES;
				COPY_PHASE_STRIP = NO;
				DEBUG_INFORMATION_FORMAT = "dwarf-with-dsym";
				ENABLE_NS_ASSERTIONS = NO;
				ENABLE_USER_SCRIPT_SANDBOXING = YES;
				GCC_C_LANGUAGE_STANDARD = gnu17;
				IPHONEOS_DEPLOYMENT_TARGET = 17.0;
				MTL_ENABLE_DEBUG_INFO = INCLUDE_SOURCE;
				SDKROOT = iphoneos;
				SWIFT_ACTIVE_COMPILATION_CONDITIONS = PRD;
				SWIFT_COMPILATION_MODE = wholemodule;
				SWIFT_VERSION = 6.0;
				VALIDATE_PRODUCT = YES;
			};
			name = PrdRelease;
		};
		000000000000000000000034 /* PrdDebug */ = {
			isa = XCBuildConfiguration;
			baseConfigurationReference = 000000000000000000000011 /* Prd.xcconfig */;
			buildSettings = {
				CODE_SIGN_STYLE = Manual;
				CURRENT_PROJECT_VERSION = 1;
				DEVELOPMENT_TEAM = "";
				ENABLE_PREVIEWS = YES;
				INFOPLIST_FILE = App/Resources/Info.plist;
				LD_RUNPATH_SEARCH_PATHS = (
					"$(inherited)",
					"@executable_path/Frameworks",
				);
				PRODUCT_BUNDLE_IDENTIFIER = "$(BUNDLE_ID)";
				PRODUCT_NAME = "$(TARGET_NAME)";
				PROVISIONING_PROFILE_SPECIFIER = "";
				SWIFT_EMIT_LOC_STRINGS = YES;
				TARGETED_DEVICE_FAMILY = "1,2";
			};
			name = PrdDebug;
		};
		000000000000000000000035 /* PrdRelease */ = {
			isa = XCBuildConfiguration;
			baseConfigurationReference = 000000000000000000000011 /* Prd.xcconfig */;
			buildSettings = {
				CODE_SIGN_STYLE = Manual;
				CURRENT_PROJECT_VERSION = 1;
				DEVELOPMENT_TEAM = "";
				ENABLE_PREVIEWS = YES;
				INFOPLIST_FILE = App/Resources/Info.plist;
				LD_RUNPATH_SEARCH_PATHS = (
					"$(inherited)",
					"@executable_path/Frameworks",
				);
				PRODUCT_BUNDLE_IDENTIFIER = "$(BUNDLE_ID)";
				PRODUCT_NAME = "$(TARGET_NAME)";
				PROVISIONING_PROFILE_SPECIFIER = "";
				SWIFT_EMIT_LOC_STRINGS = YES;
				TARGETED_DEVICE_FAMILY = "1,2";
			};
			name = PrdRelease;
		};
		000000000000000000000036 /* PreprodDebug */ = {
			isa = XCBuildConfiguration;
			baseConfigurationReference = 000000000000000000000012 /* Preprod.xcconfig */;
			buildSettings = {
				ALWAYS_SEARCH_USER_PATHS = NO;
				CLANG_ENABLE_MODULES = YES;
				CLANG_ENABLE_OBJC_ARC = YES;
				COPY_PHASE_STRIP = NO;
				DEBUG_INFORMATION_FORMAT = dwarf;
				ENABLE_USER_SCRIPT_SANDBOXING = YES;
				GCC_C_LANGUAGE_STANDARD = gnu17;
				GCC_OPTIMIZATION_LEVEL = 0;
				IPHONEOS_DEPLOYMENT_TARGET = 17.0;
				MTL_ENABLE_DEBUG_INFO = INCLUDE_SOURCE;
				ONLY_ACTIVE_ARCH = YES;
				SDKROOT = iphoneos;
				SWIFT_ACTIVE_COMPILATION_CONDITIONS = "DEBUG PREPROD";
				SWIFT_OPTIMIZATION_LEVEL = "-Onone";
				SWIFT_VERSION = 6.0;
				VALIDATE_PRODUCT = YES;
			};
			name = PreprodDebug;
		};
		000000000000000000000037 /* PreprodRelease */ = {
			isa = XCBuildConfiguration;
			baseConfigurationReference = 000000000000000000000012 /* Preprod.xcconfig */;
			buildSettings = {
				ALWAYS_SEARCH_USER_PATHS = NO;
				CLANG_ENABLE_MODULES = YES;
				CLANG_ENABLE_OBJC_ARC = YES;
				COPY_PHASE_STRIP = NO;
				DEBUG_INFORMATION_FORMAT = "dwarf-with-dsym";
				ENABLE_NS_ASSERTIONS = NO;
				ENABLE_USER_SCRIPT_SANDBOXING = YES;
				GCC_C_LANGUAGE_STANDARD = gnu17;
				IPHONEOS_DEPLOYMENT_TARGET = 17.0;
				MTL_ENABLE_DEBUG_INFO = INCLUDE_SOURCE;
				SDKROOT = iphoneos;
				SWIFT_ACTIVE_COMPILATION_CONDITIONS = PREPROD;
				SWIFT_COMPILATION_MODE = wholemodule;
				SWIFT_VERSION = 6.0;
				VALIDATE_PRODUCT = YES;
			};
			name = PreprodRelease;
		};
		000000000000000000000038 /* PreprodDebug */ = {
			isa = XCBuildConfiguration;
			baseConfigurationReference = 000000000000000000000012 /* Preprod.xcconfig */;
			buildSettings = {
				CODE_SIGN_STYLE = Manual;
				CURRENT_PROJECT_VERSION = 1;
				DEVELOPMENT_TEAM = "";
				ENABLE_PREVIEWS = YES;
				INFOPLIST_FILE = App/Resources/Info.plist;
				LD_RUNPATH_SEARCH_PATHS = (
					"$(inherited)",
					"@executable_path/Frameworks",
				);
				PRODUCT_BUNDLE_IDENTIFIER = "$(BUNDLE_ID)";
				PRODUCT_NAME = "$(TARGET_NAME)";
				PROVISIONING_PROFILE_SPECIFIER = "";
				SWIFT_EMIT_LOC_STRINGS = YES;
				TARGETED_DEVICE_FAMILY = "1,2";
			};
			name = PreprodDebug;
		};
		000000000000000000000039 /* PreprodRelease */ = {
			isa = XCBuildConfiguration;
			baseConfigurationReference = 000000000000000000000012 /* Preprod.xcconfig */;
			buildSettings = {
				CODE_SIGN_STYLE = Manual;
				CURRENT_PROJECT_VERSION = 1;
				DEVELOPMENT_TEAM = "";
				ENABLE_PREVIEWS = YES;
				INFOPLIST_FILE = App/Resources/Info.plist;
				LD_RUNPATH_SEARCH_PATHS = (
					"$(inherited)",
					"@executable_path/Frameworks",
				);
				PRODUCT_BUNDLE_IDENTIFIER = "$(BUNDLE_ID)";
				PRODUCT_NAME = "$(TARGET_NAME)";
				PROVISIONING_PROFILE_SPECIFIER = "";
				SWIFT_EMIT_LOC_STRINGS = YES;
				TARGETED_DEVICE_FAMILY = "1,2";
			};
			name = PreprodRelease;
		};
		00000000000000000000003A /* TstDebug */ = {
			isa = XCBuildConfiguration;
			baseConfigurationReference = 000000000000000000000013 /* Tst.xcconfig */;
			buildSettings = {
				ALWAYS_SEARCH_USER_PATHS = NO;
				CLANG_ENABLE_MODULES = YES;
				CLANG_ENABLE_OBJC_ARC = YES;
				COPY_PHASE_STRIP = NO;
				DEBUG_INFORMATION_FORMAT = dwarf;
				ENABLE_USER_SCRIPT_SANDBOXING = YES;
				GCC_C_LANGUAGE_STANDARD = gnu17;
				GCC_OPTIMIZATION_LEVEL = 0;
				IPHONEOS_DEPLOYMENT_TARGET = 17.0;
				MTL_ENABLE_DEBUG_INFO = INCLUDE_SOURCE;
				ONLY_ACTIVE_ARCH = YES;
				SDKROOT = iphoneos;
				SWIFT_ACTIVE_COMPILATION_CONDITIONS = "DEBUG TST";
				SWIFT_OPTIMIZATION_LEVEL = "-Onone";
				SWIFT_VERSION = 6.0;
				VALIDATE_PRODUCT = YES;
			};
			name = TstDebug;
		};
		00000000000000000000003B /* TstRelease */ = {
			isa = XCBuildConfiguration;
			baseConfigurationReference = 000000000000000000000013 /* Tst.xcconfig */;
			buildSettings = {
				ALWAYS_SEARCH_USER_PATHS = NO;
				CLANG_ENABLE_MODULES = YES;
				CLANG_ENABLE_OBJC_ARC = YES;
				COPY_PHASE_STRIP = NO;
				DEBUG_INFORMATION_FORMAT = "dwarf-with-dsym";
				ENABLE_NS_ASSERTIONS = NO;
				ENABLE_USER_SCRIPT_SANDBOXING = YES;
				GCC_C_LANGUAGE_STANDARD = gnu17;
				IPHONEOS_DEPLOYMENT_TARGET = 17.0;
				MTL_ENABLE_DEBUG_INFO = INCLUDE_SOURCE;
				SDKROOT = iphoneos;
				SWIFT_ACTIVE_COMPILATION_CONDITIONS = TST;
				SWIFT_COMPILATION_MODE = wholemodule;
				SWIFT_VERSION = 6.0;
				VALIDATE_PRODUCT = YES;
			};
			name = TstRelease;
		};
		00000000000000000000003C /* TstDebug */ = {
			isa = XCBuildConfiguration;
			baseConfigurationReference = 000000000000000000000013 /* Tst.xcconfig */;
			buildSettings = {
				CODE_SIGN_STYLE = Manual;
				CURRENT_PROJECT_VERSION = 1;
				DEVELOPMENT_TEAM = "";
				ENABLE_PREVIEWS = YES;
				INFOPLIST_FILE = App/Resources/Info.plist;
				LD_RUNPATH_SEARCH_PATHS = (
					"$(inherited)",
					"@executable_path/Frameworks",
				);
				PRODUCT_BUNDLE_IDENTIFIER = "$(BUNDLE_ID)";
				PRODUCT_NAME = "$(TARGET_NAME)";
				PROVISIONING_PROFILE_SPECIFIER = "";
				SWIFT_EMIT_LOC_STRINGS = YES;
				TARGETED_DEVICE_FAMILY = "1,2";
			};
			name = TstDebug;
		};
		00000000000000000000003D /* TstRelease */ = {
			isa = XCBuildConfiguration;
			baseConfigurationReference = 000000000000000000000013 /* Tst.xcconfig */;
			buildSettings = {
				CODE_SIGN_STYLE = Manual;
				CURRENT_PROJECT_VERSION = 1;
				DEVELOPMENT_TEAM = "";
				ENABLE_PREVIEWS = YES;
				INFOPLIST_FILE = App/Resources/Info.plist;
				LD_RUNPATH_SEARCH_PATHS = (
					"$(inherited)",
					"@executable_path/Frameworks",
				);
				PRODUCT_BUNDLE_IDENTIFIER = "$(BUNDLE_ID)";
				PRODUCT_NAME = "$(TARGET_NAME)";
				PROVISIONING_PROFILE_SPECIFIER = "";
				SWIFT_EMIT_LOC_STRINGS = YES;
				TARGETED_DEVICE_FAMILY = "1,2";
			};
			name = TstRelease;
		};
		00000000000000000000003E /* PilotDebug */ = {
			isa = XCBuildConfiguration;
			baseConfigurationReference = 000000000000000000000014 /* Pilot.xcconfig */;
			buildSettings = {
				ALWAYS_SEARCH_USER_PATHS = NO;
				CLANG_ENABLE_MODULES = YES;
				CLANG_ENABLE_OBJC_ARC = YES;
				COPY_PHASE_STRIP = NO;
				DEBUG_INFORMATION_FORMAT = dwarf;
				ENABLE_USER_SCRIPT_SANDBOXING = YES;
				GCC_C_LANGUAGE_STANDARD = gnu17;
				GCC_OPTIMIZATION_LEVEL = 0;
				IPHONEOS_DEPLOYMENT_TARGET = 17.0;
				MTL_ENABLE_DEBUG_INFO = INCLUDE_SOURCE;
				ONLY_ACTIVE_ARCH = YES;
				SDKROOT = iphoneos;
				SWIFT_ACTIVE_COMPILATION_CONDITIONS = "DEBUG PILOT";
				SWIFT_OPTIMIZATION_LEVEL = "-Onone";
				SWIFT_VERSION = 6.0;
				VALIDATE_PRODUCT = YES;
			};
			name = PilotDebug;
		};
		00000000000000000000003F /* PilotRelease */ = {
			isa = XCBuildConfiguration;
			baseConfigurationReference = 000000000000000000000014 /* Pilot.xcconfig */;
			buildSettings = {
				ALWAYS_SEARCH_USER_PATHS = NO;
				CLANG_ENABLE_MODULES = YES;
				CLANG_ENABLE_OBJC_ARC = YES;
				COPY_PHASE_STRIP = NO;
				DEBUG_INFORMATION_FORMAT = "dwarf-with-dsym";
				ENABLE_NS_ASSERTIONS = NO;
				ENABLE_USER_SCRIPT_SANDBOXING = YES;
				GCC_C_LANGUAGE_STANDARD = gnu17;
				IPHONEOS_DEPLOYMENT_TARGET = 17.0;
				MTL_ENABLE_DEBUG_INFO = INCLUDE_SOURCE;
				SDKROOT = iphoneos;
				SWIFT_ACTIVE_COMPILATION_CONDITIONS = PILOT;
				SWIFT_COMPILATION_MODE = wholemodule;
				SWIFT_VERSION = 6.0;
				VALIDATE_PRODUCT = YES;
			};
			name = PilotRelease;
		};
		000000000000000000000040 /* PilotDebug */ = {
			isa = XCBuildConfiguration;
			baseConfigurationReference = 000000000000000000000014 /* Pilot.xcconfig */;
			buildSettings = {
				CODE_SIGN_STYLE = Manual;
				CURRENT_PROJECT_VERSION = 1;
				DEVELOPMENT_TEAM = "";
				ENABLE_PREVIEWS = YES;
				INFOPLIST_FILE = App/Resources/Info.plist;
				LD_RUNPATH_SEARCH_PATHS = (
					"$(inherited)",
					"@executable_path/Frameworks",
				);
				PRODUCT_BUNDLE_IDENTIFIER = "$(BUNDLE_ID)";
				PRODUCT_NAME = "$(TARGET_NAME)";
				PROVISIONING_PROFILE_SPECIFIER = "";
				SWIFT_EMIT_LOC_STRINGS = YES;
				TARGETED_DEVICE_FAMILY = "1,2";
			};
			name = PilotDebug;
		};
		000000000000000000000041 /* PilotRelease */ = {
			isa = XCBuildConfiguration;
			baseConfigurationReference = 000000000000000000000014 /* Pilot.xcconfig */;
			buildSettings = {
				CODE_SIGN_STYLE = Manual;
				CURRENT_PROJECT_VERSION = 1;
				DEVELOPMENT_TEAM = "";
				ENABLE_PREVIEWS = YES;
				INFOPLIST_FILE = App/Resources/Info.plist;
				LD_RUNPATH_SEARCH_PATHS = (
					"$(inherited)",
					"@executable_path/Frameworks",
				);
				PRODUCT_BUNDLE_IDENTIFIER = "$(BUNDLE_ID)";
				PRODUCT_NAME = "$(TARGET_NAME)";
				PROVISIONING_PROFILE_SPECIFIER = "";
				SWIFT_EMIT_LOC_STRINGS = YES;
				TARGETED_DEVICE_FAMILY = "1,2";
			};
			name = PilotRelease;
		};
		000000000000000000000042 /* MockDebug */ = {
			isa = XCBuildConfiguration;
			baseConfigurationReference = 000000000000000000000015 /* Mock.xcconfig */;
			buildSettings = {
				ALWAYS_SEARCH_USER_PATHS = NO;
				CLANG_ENABLE_MODULES = YES;
				CLANG_ENABLE_OBJC_ARC = YES;
				COPY_PHASE_STRIP = NO;
				DEBUG_INFORMATION_FORMAT = dwarf;
				ENABLE_USER_SCRIPT_SANDBOXING = YES;
				GCC_C_LANGUAGE_STANDARD = gnu17;
				GCC_OPTIMIZATION_LEVEL = 0;
				IPHONEOS_DEPLOYMENT_TARGET = 17.0;
				MTL_ENABLE_DEBUG_INFO = INCLUDE_SOURCE;
				ONLY_ACTIVE_ARCH = YES;
				SDKROOT = iphoneos;
				SWIFT_ACTIVE_COMPILATION_CONDITIONS = "DEBUG MOCK";
				SWIFT_OPTIMIZATION_LEVEL = "-Onone";
				SWIFT_VERSION = 6.0;
				VALIDATE_PRODUCT = YES;
			};
			name = MockDebug;
		};
		000000000000000000000043 /* MockRelease */ = {
			isa = XCBuildConfiguration;
			baseConfigurationReference = 000000000000000000000015 /* Mock.xcconfig */;
			buildSettings = {
				ALWAYS_SEARCH_USER_PATHS = NO;
				CLANG_ENABLE_MODULES = YES;
				CLANG_ENABLE_OBJC_ARC = YES;
				COPY_PHASE_STRIP = NO;
				DEBUG_INFORMATION_FORMAT = "dwarf-with-dsym";
				ENABLE_NS_ASSERTIONS = NO;
				ENABLE_USER_SCRIPT_SANDBOXING = YES;
				GCC_C_LANGUAGE_STANDARD = gnu17;
				IPHONEOS_DEPLOYMENT_TARGET = 17.0;
				MTL_ENABLE_DEBUG_INFO = INCLUDE_SOURCE;
				SDKROOT = iphoneos;
				SWIFT_ACTIVE_COMPILATION_CONDITIONS = MOCK;
				SWIFT_COMPILATION_MODE = wholemodule;
				SWIFT_VERSION = 6.0;
				VALIDATE_PRODUCT = YES;
			};
			name = MockRelease;
		};
		000000000000000000000044 /* MockDebug */ = {
			isa = XCBuildConfiguration;
			baseConfigurationReference = 000000000000000000000015 /* Mock.xcconfig */;
			buildSettings = {
				CODE_SIGN_STYLE = Manual;
				CURRENT_PROJECT_VERSION = 1;
				DEVELOPMENT_TEAM = "";
				ENABLE_PREVIEWS = YES;
				INFOPLIST_FILE = App/Resources/Info.plist;
				LD_RUNPATH_SEARCH_PATHS = (
					"$(inherited)",
					"@executable_path/Frameworks",
				);
				PRODUCT_BUNDLE_IDENTIFIER = "$(BUNDLE_ID)";
				PRODUCT_NAME = "$(TARGET_NAME)";
				PROVISIONING_PROFILE_SPECIFIER = "";
				SWIFT_EMIT_LOC_STRINGS = YES;
				TARGETED_DEVICE_FAMILY = "1,2";
			};
			name = MockDebug;
		};
		000000000000000000000045 /* MockRelease */ = {
			isa = XCBuildConfiguration;
			baseConfigurationReference = 000000000000000000000015 /* Mock.xcconfig */;
			buildSettings = {
				CODE_SIGN_STYLE = Manual;
				CURRENT_PROJECT_VERSION = 1;
				DEVELOPMENT_TEAM = "";
				ENABLE_PREVIEWS = YES;
				INFOPLIST_FILE = App/Resources/Info.plist;
				LD_RUNPATH_SEARCH_PATHS = (
					"$(inherited)",
					"@executable_path/Frameworks",
				);
				PRODUCT_BUNDLE_IDENTIFIER = "$(BUNDLE_ID)";
				PRODUCT_NAME = "$(TARGET_NAME)";
				PROVISIONING_PROFILE_SPECIFIER = "";
				SWIFT_EMIT_LOC_STRINGS = YES;
				TARGETED_DEVICE_FAMILY = "1,2";
			};
			name = MockRelease;
		};
/* End XCBuildConfiguration section */

/* Begin XCConfigurationList section */
		00000000000000000000000F /* Build configuration list for PBXProject "iOSTemplate" */ = {
			isa = XCConfigurationList;
			buildConfigurations = (
				000000000000000000000032 /* PrdDebug */,
				000000000000000000000033 /* PrdRelease */,
				000000000000000000000036 /* PreprodDebug */,
				000000000000000000000037 /* PreprodRelease */,
				00000000000000000000003A /* TstDebug */,
				00000000000000000000003B /* TstRelease */,
				00000000000000000000003E /* PilotDebug */,
				00000000000000000000003F /* PilotRelease */,
				000000000000000000000042 /* MockDebug */,
				000000000000000000000043 /* MockRelease */,
			);
			defaultConfigurationIsVisible = 0;
			defaultConfigurationName = PrdRelease;
		};
		000000000000000000000010 /* Build configuration list for PBXNativeTarget "iOSTemplate" */ = {
			isa = XCConfigurationList;
			buildConfigurations = (
				000000000000000000000034 /* PrdDebug */,
				000000000000000000000035 /* PrdRelease */,
				000000000000000000000038 /* PreprodDebug */,
				000000000000000000000039 /* PreprodRelease */,
				00000000000000000000003C /* TstDebug */,
				00000000000000000000003D /* TstRelease */,
				000000000000000000000040 /* PilotDebug */,
				000000000000000000000041 /* PilotRelease */,
				000000000000000000000044 /* MockDebug */,
				000000000000000000000045 /* MockRelease */,
			);
			defaultConfigurationIsVisible = 0;
			defaultConfigurationName = PrdRelease;
		};
/* End XCConfigurationList section */

/* Begin XCLocalSwiftPackageReference section */
		00000000000000000000001D /* XCLocalSwiftPackageReference "Modules/Core/Common" */ = {
			isa = XCLocalSwiftPackageReference;
			relativePath = Modules/Core/Common;
		};
		00000000000000000000001E /* XCLocalSwiftPackageReference "Modules/Core/Navigation" */ = {
			isa = XCLocalSwiftPackageReference;
			relativePath = Modules/Core/Navigation;
		};
		00000000000000000000001F /* XCLocalSwiftPackageReference "Modules/Core/Presentation" */ = {
			isa = XCLocalSwiftPackageReference;
			relativePath = Modules/Core/Presentation;
		};
		000000000000000000000020 /* XCLocalSwiftPackageReference "Modules/Core/Session" */ = {
			isa = XCLocalSwiftPackageReference;
			relativePath = Modules/Core/Session;
		};
		000000000000000000000021 /* XCLocalSwiftPackageReference "Modules/DesignSystem" */ = {
			isa = XCLocalSwiftPackageReference;
			relativePath = Modules/DesignSystem;
		};
		000000000000000000000022 /* XCLocalSwiftPackageReference "Modules/Data/Network" */ = {
			isa = XCLocalSwiftPackageReference;
			relativePath = Modules/Data/Network;
		};
/* End XCLocalSwiftPackageReference section */

/* Begin XCRemoteSwiftPackageReference section */
		00000000000000000000002F /* XCRemoteSwiftPackageReference "swift-dependencies" */ = {
			isa = XCRemoteSwiftPackageReference;
			repositoryURL = "https://github.com/pointfreeco/swift-dependencies";
			requirement = {
				kind = upToNextMajorVersion;
				minimumVersion = 1.4.0;
			};
		};
/* End XCRemoteSwiftPackageReference section */

/* Begin XCSwiftPackageProductDependency section */
		000000000000000000000023 /* CoreCommon */ = {
			isa = XCSwiftPackageProductDependency;
			package = 00000000000000000000001D /* XCLocalSwiftPackageReference "Modules/Core/Common" */;
			productName = CoreCommon;
		};
		000000000000000000000024 /* CoreNavigation */ = {
			isa = XCSwiftPackageProductDependency;
			package = 00000000000000000000001E /* XCLocalSwiftPackageReference "Modules/Core/Navigation" */;
			productName = CoreNavigation;
		};
		000000000000000000000025 /* CorePresentation */ = {
			isa = XCSwiftPackageProductDependency;
			package = 00000000000000000000001F /* XCLocalSwiftPackageReference "Modules/Core/Presentation" */;
			productName = CorePresentation;
		};
		000000000000000000000026 /* CoreSession */ = {
			isa = XCSwiftPackageProductDependency;
			package = 000000000000000000000020 /* XCLocalSwiftPackageReference "Modules/Core/Session" */;
			productName = CoreSession;
		};
		000000000000000000000027 /* DesignSystem */ = {
			isa = XCSwiftPackageProductDependency;
			package = 000000000000000000000021 /* XCLocalSwiftPackageReference "Modules/DesignSystem" */;
			productName = DesignSystem;
		};
		000000000000000000000028 /* DataNetwork */ = {
			isa = XCSwiftPackageProductDependency;
			package = 000000000000000000000022 /* XCLocalSwiftPackageReference "Modules/Data/Network" */;
			productName = DataNetwork;
		};
		000000000000000000000030 /* Dependencies */ = {
			isa = XCSwiftPackageProductDependency;
			package = 00000000000000000000002F /* XCRemoteSwiftPackageReference "swift-dependencies" */;
			productName = Dependencies;
		};
/* End XCSwiftPackageProductDependency section */
	};
	rootObject = 000000000000000000000001 /* Project object */;
}
